[{"login":"Raynos","id":479538,"avatar_url":"https://avatars0.githubusercontent.com/u/479538?v=3","gravatar_id":"","url":"https://api.github.com/users/Raynos","html_url":"https://github.com/Raynos","followers_url":"https://api.github.com/users/Raynos/followers","following_url":"https://api.github.com/users/Raynos/following{/other_user}","gists_url":"https://api.github.com/users/Raynos/gists{/gist_id}","starred_url":"https://api.github.com/users/Raynos/starred{/owner}{/repo}","subscriptions_url":"https://api.github.com/users/Raynos/subscriptions","organizations_url":"https://api.github.com/users/Raynos/orgs","repos_url":"https://api.github.com/users/Raynos/repos","events_url":"https://api.github.com/users/Raynos/events{/privacy}","received_events_url":"https://api.github.com/users/Raynos/received_events","type":"User","site_admin":false,"contributions":154},{"login":"sh1mmer","id":37673,"avatar_url":"https://avatars3.githubusercontent.com/u/37673?v=3","gravatar_id":"","url":"https://api.github.com/users/sh1mmer","html_url":"https://github.com/sh1mmer","followers_url":"https://api.github.com/users/sh1mmer/followers","following_url":"https://api.github.com/users/sh1mmer/following{/other_user}","gists_url":"https://api.github.com/users/sh1mmer/gists{/gist_id}","starred_url":"https://api.github.com/users/sh1mmer/starred{/owner}{/repo}","subscriptions_url":"https://api.github.com/users/sh1mmer/subscriptions","organizations_url":"https://api.github.com/users/sh1mmer/orgs","repos_url":"https://api.github.com/users/sh1mmer/repos","events_url":"https://api.github.com/users/sh1mmer/events{/privacy}","received_events_url":"https://api.github.com/users/sh1mmer/received_events","type":"User","site_admin":false,"contributions":5},{"login":"kumikoda","id":1307362,"avatar_url":"https://avatars2.githubusercontent.com/u/1307362?v=3","gravatar_id":"","url":"https://api.github.com/users/kumikoda","html_url":"https://github.com/kumikoda","followers_url":"https://api.github.com/users/kumikoda/followers","following_url":"https://api.github.com/users/kumikoda/following{/other_user}","gists_url":"https://api.github.com/users/kumikoda/gists{/gist_id}","starred_url":"https://api.github.com/users/kumikoda/starred{/owner}{/repo}","subscriptions_url":"https://api.github.com/users/kumikoda/subscriptions","organizations_url":"https://api.github.com/users/kumikoda/orgs","repos_url":"https://api.github.com/users/kumikoda/repos","events_url":"https://api.github.com/users/kumikoda/events{/privacy}","received_events_url":"https://api.github.com/users/kumikoda/received_events","type":"User","site_admin":false,"contributions":5},{"login":"Stuk","id":48019,"avatar_url":"https://avatars0.githubusercontent.com/u/48019?v=3","gravatar_id":"","url":"https://api.github.com/users/Stuk","html_url":"https://github.com/Stuk","followers_url":"https://api.github.com/users/Stuk/followers","following_url":"https://api.github.com/users/Stuk/following{/other_user}","gists_url":"https://api.github.com/users/Stuk/gists{/gist_id}","starred_url":"https://api.github.com/users/Stuk/starred{/owner}{/repo}","subscriptions_url":"https://api.github.com/users/Stuk/subscriptions","organizations_url":"https://api.github.com/users/Stuk/orgs","repos_url":"https://api.github.com/users/Stuk/repos","events_url":"https://api.github.com/users/Stuk/events{/privacy}","received_events_url":"https://api.github.com/users/Stuk/received_events","type":"User","site_admin":false,"contributions":3},{"login":"lxe","id":1486609,"avatar_url":"https://avatars2.githubusercontent.com/u/1486609?v=3","gravatar_id":"","url":"https://api.github.com/users/lxe","html_url":"https://github.com/lxe","followers_url":"https://api.github.com/users/lxe/followers","following_url":"https://api.github.com/users/lxe/following{/other_user}","gists_url":"https://api.github.com/users/lxe/gists{/gist_id}","starred_url":"https://api.github.com/users/lxe/starred{/owner}{/repo}","subscriptions_url":"https://api.github.com/users/lxe/subscriptions","organizations_url":"https://api.github.com/users/lxe/orgs","repos_url":"https://api.github.com/users/lxe/repos","events_url":"https://api.github.com/users/lxe/events{/privacy}","received_events_url":"https://api.github.com/users/lxe/received_events","type":"User","site_admin":false,"contributions":2},{"login":"jmerrifield","id":608480,"avatar_url":"https://avatars0.githubusercontent.com/u/608480?v=3","gravatar_id":"","url":"https://api.github.com/users/jmerrifield","html_url":"https://github.com/jmerrifield","followers_url":"https://api.github.com/users/jmerrifield/followers","following_url":"https://api.github.com/users/jmerrifield/following{/other_user}","gists_url":"https://api.github.com/users/jmerrifield/gists{/gist_id}","starred_url":"https://api.github.com/users/jmerrifield/starred{/owner}{/repo}","subscriptions_url":"https://api.github.com/users/jmerrifield/subscriptions","organizations_url":"https://api.github.com/users/jmerrifield/orgs","repos_url":"https://api.github.com/users/jmerrifield/repos","events_url":"https://api.github.com/users/jmerrifield/events{/privacy}","received_events_url":"https://api.github.com/users/jmerrifield/received_events","type":"User","site_admin":false,"contributions":2},{"login":"markyen","id":673688,"avatar_url":"https://avatars3.githubusercontent.com/u/673688?v=3","gravatar_id":"","url":"https://api.github.com/users/markyen","html_url":"https://github.com/markyen","followers_url":"https://api.github.com/users/markyen/followers","following_url":"https://api.github.com/users/markyen/following{/other_user}","gists_url":"https://api.github.com/users/markyen/gists{/gist_id}","starred_url":"https://api.github.com/users/markyen/starred{/owner}{/repo}","subscriptions_url":"https://api.github.com/users/markyen/subscriptions","organizations_url":"https://api.github.com/users/markyen/orgs","repos_url":"https://api.github.com/users/markyen/repos","events_url":"https://api.github.com/users/markyen/events{/privacy}","received_events_url":"https://api.github.com/users/markyen/received_events","type":"User","site_admin":false,"contributions":2},{"login":"wenzowski","id":597920,"avatar_url":"https://avatars2.githubusercontent.com/u/597920?v=3","gravatar_id":"","url":"https://api.github.com/users/wenzowski","html_url":"https://github.com/wenzowski","followers_url":"https://api.github.com/users/wenzowski/followers","following_url":"https://api.github.com/users/wenzowski/following{/other_user}","gists_url":"https://api.github.com/users/wenzowski/gists{/gist_id}","starred_url":"https://api.github.com/users/wenzowski/starred{/owner}{/repo}","subscriptions_url":"https://api.github.com/users/wenzowski/subscriptions","organizations_url":"https://api.github.com/users/wenzowski/orgs","repos_url":"https://api.github.com/users/wenzowski/repos","events_url":"https://api.github.com/users/wenzowski/events{/privacy}","received_events_url":"https://api.github.com/users/wenzowski/received_events","type":"User","site_admin":false,"contributions":1},{"login":"squamos","id":568010,"avatar_url":"https://avatars2.githubusercontent.com/u/568010?v=3","gravatar_id":"","url":"https://api.github.com/users/squamos","html_url":"https://github.com/squamos","followers_url":"https://api.github.com/users/squamos/followers","following_url":"https://api.github.com/users/squamos/following{/other_user}","gists_url":"https://api.github.com/users/squamos/gists{/gist_id}","starred_url":"https://api.github.com/users/squamos/starred{/owner}{/repo}","subscriptions_url":"https://api.github.com/users/squamos/subscriptions","organizations_url":"https://api.github.com/users/squamos/orgs","repos_url":"https://api.github.com/users/squamos/repos","events_url":"https://api.github.com/users/squamos/events{/privacy}","received_events_url":"https://api.github.com/users/squamos/received_events","type":"User","site_admin":false,"contributions":1},{"login":"malandrew","id":141789,"avatar_url":"https://avatars2.githubusercontent.com/u/141789?v=3","gravatar_id":"","url":"https://api.github.com/users/malandrew","html_url":"https://github.com/malandrew","followers_url":"https://api.github.com/users/malandrew/followers","following_url":"https://api.github.com/users/malandrew/following{/other_user}","gists_url":"https://api.github.com/users/malandrew/gists{/gist_id}","starred_url":"https://api.github.com/users/malandrew/starred{/owner}{/repo}","subscriptions_url":"https://api.github.com/users/malandrew/subscriptions","organizations_url":"https://api.github.com/users/malandrew/orgs","repos_url":"https://api.github.com/users/malandrew/repos","events_url":"https://api.github.com/users/malandrew/events{/privacy}","received_events_url":"https://api.github.com/users/malandrew/received_events","type":"User","site_admin":false,"contributions":1},{"login":"bdougie","id":5713670,"avatar_url":"https://avatars1.githubusercontent.com/u/5713670?v=3","gravatar_id":"","url":"https://api.github.com/users/bdougie","html_url":"https://github.com/bdougie","followers_url":"https://api.github.com/users/bdougie/followers","following_url":"https://api.github.com/users/bdougie/following{/other_user}","gists_url":"https://api.github.com/users/bdougie/gists{/gist_id}","starred_url":"https://api.github.com/users/bdougie/starred{/owner}{/repo}","subscriptions_url":"https://api.github.com/users/bdougie/subscriptions","organizations_url":"https://api.github.com/users/bdougie/orgs","repos_url":"https://api.github.com/users/bdougie/repos","events_url":"https://api.github.com/users/bdougie/events{/privacy}","received_events_url":"https://api.github.com/users/bdougie/received_events","type":"User","site_admin":false,"contributions":1},{"login":"cvrebert","id":419884,"avatar_url":"https://avatars0.githubusercontent.com/u/419884?v=3","gravatar_id":"","url":"https://api.github.com/users/cvrebert","html_url":"https://github.com/cvrebert","followers_url":"https://api.github.com/users/cvrebert/followers","following_url":"https://api.github.com/users/cvrebert/following{/other_user}","gists_url":"https://api.github.com/users/cvrebert/gists{/gist_id}","starred_url":"https://api.github.com/users/cvrebert/starred{/owner}{/repo}","subscriptions_url":"https://api.github.com/users/cvrebert/subscriptions","organizations_url":"https://api.github.com/users/cvrebert/orgs","repos_url":"https://api.github.com/users/cvrebert/repos","events_url":"https://api.github.com/users/cvrebert/events{/privacy}","received_events_url":"https://api.github.com/users/cvrebert/received_events","type":"User","site_admin":false,"contributions":1},{"login":"leedm777","id":133579,"avatar_url":"https://avatars2.githubusercontent.com/u/133579?v=3","gravatar_id":"","url":"https://api.github.com/users/leedm777","html_url":"https://github.com/leedm777","followers_url":"https://api.github.com/users/leedm777/followers","following_url":"https://api.github.com/users/leedm777/following{/other_user}","gists_url":"https://api.github.com/users/leedm777/gists{/gist_id}","starred_url":"https://api.github.com/users/leedm777/starred{/owner}{/repo}","subscriptions_url":"https://api.github.com/users/leedm777/subscriptions","organizations_url":"https://api.github.com/users/leedm777/orgs","repos_url":"https://api.github.com/users/leedm777/repos","events_url":"https://api.github.com/users/leedm777/events{/privacy}","received_events_url":"https://api.github.com/users/leedm777/received_events","type":"User","site_admin":false,"contributions":1},{"login":"eugene1g","id":147496,"avatar_url":"https://avatars0.githubusercontent.com/u/147496?v=3","gravatar_id":"","url":"https://api.github.com/users/eugene1g","html_url":"https://github.com/eugene1g","followers_url":"https://api.github.com/users/eugene1g/followers","following_url":"https://api.github.com/users/eugene1g/following{/other_user}","gists_url":"https://api.github.com/users/eugene1g/gists{/gist_id}","starred_url":"https://api.github.com/users/eugene1g/starred{/owner}{/repo}","subscriptions_url":"https://api.github.com/users/eugene1g/subscriptions","organizations_url":"https://api.github.com/users/eugene1g/orgs","repos_url":"https://api.github.com/users/eugene1g/repos","events_url":"https://api.github.com/users/eugene1g/events{/privacy}","received_events_url":"https://api.github.com/users/eugene1g/received_events","type":"User","site_admin":false,"contributions":1},{"login":"harlantwood","id":38769,"avatar_url":"https://avatars3.githubusercontent.com/u/38769?v=3","gravatar_id":"","url":"https://api.github.com/users/harlantwood","html_url":"https://github.com/harlantwood","followers_url":"https://api.github.com/users/harlantwood/followers","following_url":"https://api.github.com/users/harlantwood/following{/other_user}","gists_url":"https://api.github.com/users/harlantwood/gists{/gist_id}","starred_url":"https://api.github.com/users/harlantwood/starred{/owner}{/repo}","subscriptions_url":"https://api.github.com/users/harlantwood/subscriptions","organizations_url":"https://api.github.com/users/harlantwood/orgs","repos_url":"https://api.github.com/users/harlantwood/repos","events_url":"https://api.github.com/users/harlantwood/events{/privacy}","received_events_url":"https://api.github.com/users/harlantwood/received_events","type":"User","site_admin":false,"contributions":1},{"login":"th507","id":138707,"avatar_url":"https://avatars0.githubusercontent.com/u/138707?v=3","gravatar_id":"","url":"https://api.github.com/users/th507","html_url":"https://github.com/th507","followers_url":"https://api.github.com/users/th507/followers","following_url":"https://api.github.com/users/th507/following{/other_user}","gists_url":"https://api.github.com/users/th507/gists{/gist_id}","starred_url":"https://api.github.com/users/th507/starred{/owner}{/repo}","subscriptions_url":"https://api.github.com/users/th507/subscriptions","organizations_url":"https://api.github.com/users/th507/orgs","repos_url":"https://api.github.com/users/th507/repos","events_url":"https://api.github.com/users/th507/events{/privacy}","received_events_url":"https://api.github.com/users/th507/received_events","type":"User","site_admin":false,"contributions":1},{"login":"ljharb","id":45469,"avatar_url":"https://avatars2.githubusercontent.com/u/45469?v=3","gravatar_id":"","url":"https://api.github.com/users/ljharb","html_url":"https://github.com/ljharb","followers_url":"https://api.github.com/users/ljharb/followers","following_url":"https://api.github.com/users/ljharb/following{/other_user}","gists_url":"https://api.github.com/users/ljharb/gists{/gist_id}","starred_url":"https://api.github.com/users/ljharb/starred{/owner}{/repo}","subscriptions_url":"https://api.github.com/users/ljharb/subscriptions","organizations_url":"https://api.github.com/users/ljharb/orgs","repos_url":"https://api.github.com/users/ljharb/repos","events_url":"https://api.github.com/users/ljharb/events{/privacy}","received_events_url":"https://api.github.com/users/ljharb/received_events","type":"User","site_admin":false,"contributions":1},{"login":"LINKIWI","id":8386642,"avatar_url":"https://avatars1.githubusercontent.com/u/8386642?v=3","gravatar_id":"","url":"https://api.github.com/users/LINKIWI","html_url":"https://github.com/LINKIWI","followers_url":"https://api.github.com/users/LINKIWI/followers","following_url":"https://api.github.com/users/LINKIWI/following{/other_user}","gists_url":"https://api.github.com/users/LINKIWI/gists{/gist_id}","starred_url":"https://api.github.com/users/LINKIWI/starred{/owner}{/repo}","subscriptions_url":"https://api.github.com/users/LINKIWI/subscriptions","organizations_url":"https://api.github.com/users/LINKIWI/orgs","repos_url":"https://api.github.com/users/LINKIWI/repos","events_url":"https://api.github.com/users/LINKIWI/events{/privacy}","received_events_url":"https://api.github.com/users/LINKIWI/received_events","type":"User","site_admin":false,"contributions":1},{"login":"kriskowal","id":60294,"avatar_url":"https://avatars2.githubusercontent.com/u/60294?v=3","gravatar_id":"","url":"https://api.github.com/users/kriskowal","html_url":"https://github.com/kriskowal","followers_url":"https://api.github.com/users/kriskowal/followers","following_url":"https://api.github.com/users/kriskowal/following{/other_user}","gists_url":"https://api.github.com/users/kriskowal/gists{/gist_id}","starred_url":"https://api.github.com/users/kriskowal/starred{/owner}{/repo}","subscriptions_url":"https://api.github.com/users/kriskowal/subscriptions","organizations_url":"https://api.github.com/users/kriskowal/orgs","repos_url":"https://api.github.com/users/kriskowal/repos","events_url":"https://api.github.com/users/kriskowal/events{/privacy}","received_events_url":"https://api.github.com/users/kriskowal/received_events","type":"User","site_admin":false,"contributions":1},{"login":"Matt-Esch","id":1058839,"avatar_url":"https://avatars2.githubusercontent.com/u/1058839?v=3","gravatar_id":"","url":"https://api.github.com/users/Matt-Esch","html_url":"https://github.com/Matt-Esch","followers_url":"https://api.github.com/users/Matt-Esch/followers","following_url":"https://api.github.com/users/Matt-Esch/following{/other_user}","gists_url":"https://api.github.com/users/Matt-Esch/gists{/gist_id}","starred_url":"https://api.github.com/users/Matt-Esch/starred{/owner}{/repo}","subscriptions_url":"https://api.github.com/users/Matt-Esch/subscriptions","organizations_url":"https://api.github.com/users/Matt-Esch/orgs","repos_url":"https://api.github.com/users/Matt-Esch/repos","events_url":"https://api.github.com/users/Matt-Esch/events{/privacy}","received_events_url":"https://api.github.com/users/Matt-Esch/received_events","type":"User","site_admin":false,"contributions":1},{"login":"parshap","id":332258,"avatar_url":"https://avatars0.githubusercontent.com/u/332258?v=3","gravatar_id":"","url":"https://api.github.com/users/parshap","html_url":"https://github.com/parshap","followers_url":"https://api.github.com/users/parshap/followers","following_url":"https://api.github.com/users/parshap/following{/other_user}","gists_url":"https://api.github.com/users/parshap/gists{/gist_id}","starred_url":"https://api.github.com/users/parshap/starred{/owner}{/repo}","subscriptions_url":"https://api.github.com/users/parshap/subscriptions","organizations_url":"https://api.github.com/users/parshap/orgs","repos_url":"https://api.github.com/users/parshap/repos","events_url":"https://api.github.com/users/parshap/events{/privacy}","received_events_url":"https://api.github.com/users/parshap/received_events","type":"User","site_admin":false,"contributions":1},{"login":"pdehaan","id":557895,"avatar_url":"https://avatars1.githubusercontent.com/u/557895?v=3","gravatar_id":"","url":"https://api.github.com/users/pdehaan","html_url":"https://github.com/pdehaan","followers_url":"https://api.github.com/users/pdehaan/followers","following_url":"https://api.github.com/users/pdehaan/following{/other_user}","gists_url":"https://api.github.com/users/pdehaan/gists{/gist_id}","starred_url":"https://api.github.com/users/pdehaan/starred{/owner}{/repo}","subscriptions_url":"https://api.github.com/users/pdehaan/subscriptions","organizations_url":"https://api.github.com/users/pdehaan/orgs","repos_url":"https://api.github.com/users/pdehaan/repos","events_url":"https://api.github.com/users/pdehaan/events{/privacy}","received_events_url":"https://api.github.com/users/pdehaan/received_events","type":"User","site_admin":false,"contributions":1},{"login":"robatron","id":127095,"avatar_url":"https://avatars1.githubusercontent.com/u/127095?v=3","gravatar_id":"","url":"https://api.github.com/users/robatron","html_url":"https://github.com/robatron","followers_url":"https://api.github.com/users/robatron/followers","following_url":"https://api.github.com/users/robatron/following{/other_user}","gists_url":"https://api.github.com/users/robatron/gists{/gist_id}","starred_url":"https://api.github.com/users/robatron/starred{/owner}{/repo}","subscriptions_url":"https://api.github.com/users/robatron/subscriptions","organizations_url":"https://api.github.com/users/robatron/orgs","repos_url":"https://api.github.com/users/robatron/repos","events_url":"https://api.github.com/users/robatron/events{/privacy}","received_events_url":"https://api.github.com/users/robatron/received_events","type":"User","site_admin":false,"contributions":1},{"login":"mlucool","id":1813603,"avatar_url":"https://avatars2.githubusercontent.com/u/1813603?v=3","gravatar_id":"","url":"https://api.github.com/users/mlucool","html_url":"https://github.com/mlucool","followers_url":"https://api.github.com/users/mlucool/followers","following_url":"https://api.github.com/users/mlucool/following{/other_user}","gists_url":"https://api.github.com/users/mlucool/gists{/gist_id}","starred_url":"https://api.github.com/users/mlucool/starred{/owner}{/repo}","subscriptions_url":"https://api.github.com/users/mlucool/subscriptions","organizations_url":"https://api.github.com/users/mlucool/orgs","repos_url":"https://api.github.com/users/mlucool/repos","events_url":"https://api.github.com/users/mlucool/events{/privacy}","received_events_url":"https://api.github.com/users/mlucool/received_events","type":"User","site_admin":false,"contributions":1}]